PODS:
  - GoogleAnalytics (3.16.0)
  - GoogleTagManager (3.15.1):
    - GoogleAnalytics (= 3.16.0)

DEPENDENCIES:
  - GoogleAnalytics (= 3.16.0)
  - GoogleTagManager (~> 3.15.1)

SPEC CHECKSUMS:
  GoogleAnalytics: 3de986b2fa29012c69fa415566006a9c9cf25320
  GoogleTagManager: 8e53b02f09a7e5980f5b8d574672b97879f9fcd1

COCOAPODS: 0.39.0
