PODS:
  - ATInternet-Apple-SDK/Tracker (1.0.7)
  - Bolts (1.8.4):
    - Bolts/AppLinks (= 1.8.4)
    - Bolts/Tasks (= 1.8.4)
  - Bolts/AppLinks (1.8.4):
    - Bolts/Tasks
  - Bolts/Tasks (1.8.4)
  - FacebookCore (0.2.0):
    - Bolts (~> 1.8)
    - FBSDKCoreKit (~> 4.15)
  - FBSDKCoreKit (4.23.0):
    - Bolts (~> 1.7)
  - FirebaseAnalytics (4.0.1):
    - FirebaseCore (~> 4.0)
    - FirebaseInstanceID (~> 2.0)
    - GoogleToolboxForMac/NSData+zlib (~> 2.1)
  - FirebaseCore (4.0.2):
    - GoogleToolboxForMac/NSData+zlib (~> 2.1)
  - FirebaseInstanceID (2.0.0):
    - FirebaseCore (~> 4.0)
  - GoogleAnalytics (3.17.0)
  - GoogleSymbolUtilities (1.1.2)
  - GoogleTagManager (6.0.0):
    - FirebaseAnalytics (~> 4.0)
    - GoogleAnalytics (~> 3.17)
    - GoogleUtilities (~> 1.3)
  - GoogleToolboxForMac/Defines (2.1.1)
  - GoogleToolboxForMac/NSData+zlib (2.1.1):
    - GoogleToolboxForMac/Defines (= 2.1.1)
  - GoogleUtilities (1.3.2):
    - GoogleSymbolUtilities (~> 1.1)
  - Tune (4.12.4)

DEPENDENCIES:
  - ATInternet-Apple-SDK/Tracker (~> 1.0.1)
  - FacebookCore (~> 0.2.0)
  - GoogleTagManager (~> 6.0.0)
  - Tune (~> 4.12.0)

SPEC CHECKSUMS:
  ATInternet-Apple-SDK: c3062ede8b164b7f1df0c45d803941ca72b316d5
  Bolts: 8a7995239dbe724f9cba2248b766d48b7ebdd322
  FacebookCore: 2cb3f0fbff218e9d3119cec84bae983b232412de
  FBSDKCoreKit: d7829f5a69901cd7296105328e4c3c3fc7da6518
  FirebaseAnalytics: 4d7040fefc3cd8b291cde35f12cf063d7963f15d
  FirebaseCore: 1a8bf6c795ad07d2918278657954ffd2552e9c17
  FirebaseInstanceID: 9fbf536668f4d3f0880e7438456dabd1376e294b
  GoogleAnalytics: f42cc53a87a51fe94334821868d9c8481ff47a7b
  GoogleSymbolUtilities: 631ee17048aa5e9ab133470d768ea997a5ef9b96
  GoogleTagManager: 07acea48abe73aac17550b81bbf52a37db2d7dd6
  GoogleToolboxForMac: 8e329f1b599f2512c6b10676d45736bcc2cbbeb0
  GoogleUtilities: 8bbc733218aad26306f9d4a253823986110e3358
  Tune: f6c5dc67a7ca8f574e4a64165783326acea9bf89

PODFILE CHECKSUM: ec322d75f65ac69e04f61d967f2e5a333fe88d3e

COCOAPODS: 1.2.0
